
Microsoft Visual Studio Solution File, Format Version 12.00
# Visual Studio Version 16
VisualStudioVersion = 16.0.29519.87
MinimumVisualStudioVersion = 10.0.40219.1
Project("{FAE04EC0-301F-11D3-BF4B-00C04F79EFBC}") = "Abbotware.Dataflow", "Abbotware.Dataflow\Abbotware.Dataflow.csproj", "{30B9D3C0-8283-4F37-9201-655F13DB0C63}"
EndProject
Global
	GlobalSection(SolutionConfigurationPlatforms) = preSolution
		Debug|Any CPU = Debug|Any CPU
		Release|Any CPU = Release|Any CPU
	EndGlobalSection
	GlobalSection(ProjectConfigurationPlatforms) = postSolution
		{30B9D3C0-8283-4F37-9201-655F13DB0C63}.Debug|Any CPU.ActiveCfg = Debug|Any CPU
		{30B9D3C0-8283-4F37-9201-655F13DB0C63}.Debug|Any CPU.Build.0 = Debug|Any CPU
		{30B9D3C0-8283-4F37-9201-655F13DB0C63}.Release|Any CPU.ActiveCfg = Release|Any CPU
		{30B9D3C0-8283-4F37-9201-655F13DB0C63}.Release|Any CPU.Build.0 = Release|Any CPU
	EndGlobalSection
	GlobalSection(SolutionProperties) = preSolution
		HideSolutionNode = FALSE
	EndGlobalSection
	GlobalSection(ExtensibilityGlobals) = postSolution
		SolutionGuid = {4664A729-5D99-48A4-A2CE-B8FB0A689222}
	EndGlobalSection
EndGlobal
